
Microsoft Visual Studio Solution File, Format Version 12.00
# Visual Studio Version 16
VisualStudioVersion = 16.0.30406.217
MinimumVisualStudioVersion = 10.0.40219.1
Project("{FAE04EC0-301F-11D3-BF4B-00C04F79EFBC}") = "ejercicio 4", "ejercicio 4.csproj", "{EB536F0B-E3F1-411D-A7CD-D9A09D5CEBD4}"
EndProject
Global
	GlobalSection(SolutionConfigurationPlatforms) = preSolution
		Debug|Any CPU = Debug|Any CPU
		Release|Any CPU = Release|Any CPU
	EndGlobalSection
	GlobalSection(ProjectConfigurationPlatforms) = postSolution
		{EB536F0B-E3F1-411D-A7CD-D9A09D5CEBD4}.Debug|Any CPU.ActiveCfg = Debug|Any CPU
		{EB536F0B-E3F1-411D-A7CD-D9A09D5CEBD4}.Debug|Any CPU.Build.0 = Debug|Any CPU
		{EB536F0B-E3F1-411D-A7CD-D9A09D5CEBD4}.Release|Any CPU.ActiveCfg = Release|Any CPU
		{EB536F0B-E3F1-411D-A7CD-D9A09D5CEBD4}.Release|Any CPU.Build.0 = Release|Any CPU
	EndGlobalSection
	GlobalSection(SolutionProperties) = preSolution
		HideSolutionNode = FALSE
	EndGlobalSection
	GlobalSection(ExtensibilityGlobals) = postSolution
		SolutionGuid = {FE840FD8-F6EE-4AB3-AF4A-D635F1A38341}
	EndGlobalSection
EndGlobal
