
Microsoft Visual Studio Solution File, Format Version 12.00
# Visual Studio Version 16
VisualStudioVersion = 16.0.30406.217
MinimumVisualStudioVersion = 10.0.40219.1
Project("{FAE04EC0-301F-11D3-BF4B-00C04F79EFBC}") = "ejercicio 17", "ejercicio 17.csproj", "{B8AE1588-3C21-47EE-B63B-0BD5BA1FCBC4}"
EndProject
Global
	GlobalSection(SolutionConfigurationPlatforms) = preSolution
		Debug|Any CPU = Debug|Any CPU
		Release|Any CPU = Release|Any CPU
	EndGlobalSection
	GlobalSection(ProjectConfigurationPlatforms) = postSolution
		{B8AE1588-3C21-47EE-B63B-0BD5BA1FCBC4}.Debug|Any CPU.ActiveCfg = Debug|Any CPU
		{B8AE1588-3C21-47EE-B63B-0BD5BA1FCBC4}.Debug|Any CPU.Build.0 = Debug|Any CPU
		{B8AE1588-3C21-47EE-B63B-0BD5BA1FCBC4}.Release|Any CPU.ActiveCfg = Release|Any CPU
		{B8AE1588-3C21-47EE-B63B-0BD5BA1FCBC4}.Release|Any CPU.Build.0 = Release|Any CPU
	EndGlobalSection
	GlobalSection(SolutionProperties) = preSolution
		HideSolutionNode = FALSE
	EndGlobalSection
	GlobalSection(ExtensibilityGlobals) = postSolution
		SolutionGuid = {253AC904-7F9B-4607-B761-C76FC6F4F102}
	EndGlobalSection
EndGlobal
