
Microsoft Visual Studio Solution File, Format Version 12.00
# Visual Studio Version 16
VisualStudioVersion = 16.0.30406.217
MinimumVisualStudioVersion = 10.0.40219.1
Project("{FAE04EC0-301F-11D3-BF4B-00C04F79EFBC}") = "ejercicio 15", "ejercicio 15.csproj", "{57FFFDA1-D057-41A0-B207-453BD0D8B1E8}"
EndProject
Global
	GlobalSection(SolutionConfigurationPlatforms) = preSolution
		Debug|Any CPU = Debug|Any CPU
		Release|Any CPU = Release|Any CPU
	EndGlobalSection
	GlobalSection(ProjectConfigurationPlatforms) = postSolution
		{57FFFDA1-D057-41A0-B207-453BD0D8B1E8}.Debug|Any CPU.ActiveCfg = Debug|Any CPU
		{57FFFDA1-D057-41A0-B207-453BD0D8B1E8}.Debug|Any CPU.Build.0 = Debug|Any CPU
		{57FFFDA1-D057-41A0-B207-453BD0D8B1E8}.Release|Any CPU.ActiveCfg = Release|Any CPU
		{57FFFDA1-D057-41A0-B207-453BD0D8B1E8}.Release|Any CPU.Build.0 = Release|Any CPU
	EndGlobalSection
	GlobalSection(SolutionProperties) = preSolution
		HideSolutionNode = FALSE
	EndGlobalSection
	GlobalSection(ExtensibilityGlobals) = postSolution
		SolutionGuid = {D6CF0705-DBCE-404C-AA42-56DC4990EB79}
	EndGlobalSection
EndGlobal
