
Microsoft Visual Studio Solution File, Format Version 12.00
# Visual Studio Version 16
VisualStudioVersion = 16.0.30406.217
MinimumVisualStudioVersion = 10.0.40219.1
Project("{FAE04EC0-301F-11D3-BF4B-00C04F79EFBC}") = "ejercicio 22", "ejercicio 22.csproj", "{8803EBA1-5531-4D47-AC8D-98DFA41AAD43}"
EndProject
Global
	GlobalSection(SolutionConfigurationPlatforms) = preSolution
		Debug|Any CPU = Debug|Any CPU
		Release|Any CPU = Release|Any CPU
	EndGlobalSection
	GlobalSection(ProjectConfigurationPlatforms) = postSolution
		{8803EBA1-5531-4D47-AC8D-98DFA41AAD43}.Debug|Any CPU.ActiveCfg = Debug|Any CPU
		{8803EBA1-5531-4D47-AC8D-98DFA41AAD43}.Debug|Any CPU.Build.0 = Debug|Any CPU
		{8803EBA1-5531-4D47-AC8D-98DFA41AAD43}.Release|Any CPU.ActiveCfg = Release|Any CPU
		{8803EBA1-5531-4D47-AC8D-98DFA41AAD43}.Release|Any CPU.Build.0 = Release|Any CPU
	EndGlobalSection
	GlobalSection(SolutionProperties) = preSolution
		HideSolutionNode = FALSE
	EndGlobalSection
	GlobalSection(ExtensibilityGlobals) = postSolution
		SolutionGuid = {2B9C2559-B50E-4928-8E4C-5F9E7085A5B1}
	EndGlobalSection
EndGlobal
