
Microsoft Visual Studio Solution File, Format Version 12.00
# Visual Studio Version 16
VisualStudioVersion = 16.0.30406.217
MinimumVisualStudioVersion = 10.0.40219.1
Project("{FAE04EC0-301F-11D3-BF4B-00C04F79EFBC}") = "Ejercicios de Arboles", "Ejercicios de Arboles.csproj", "{97D466CE-AE9C-4A95-AF33-128E623033AE}"
EndProject
Global
	GlobalSection(SolutionConfigurationPlatforms) = preSolution
		Debug|Any CPU = Debug|Any CPU
		Release|Any CPU = Release|Any CPU
	EndGlobalSection
	GlobalSection(ProjectConfigurationPlatforms) = postSolution
		{97D466CE-AE9C-4A95-AF33-128E623033AE}.Debug|Any CPU.ActiveCfg = Debug|Any CPU
		{97D466CE-AE9C-4A95-AF33-128E623033AE}.Debug|Any CPU.Build.0 = Debug|Any CPU
		{97D466CE-AE9C-4A95-AF33-128E623033AE}.Release|Any CPU.ActiveCfg = Release|Any CPU
		{97D466CE-AE9C-4A95-AF33-128E623033AE}.Release|Any CPU.Build.0 = Release|Any CPU
	EndGlobalSection
	GlobalSection(SolutionProperties) = preSolution
		HideSolutionNode = FALSE
	EndGlobalSection
	GlobalSection(ExtensibilityGlobals) = postSolution
		SolutionGuid = {36013516-6A3B-4AEE-916F-F1727EFE1678}
	EndGlobalSection
EndGlobal
