
Microsoft Visual Studio Solution File, Format Version 12.00
# Visual Studio Version 16
VisualStudioVersion = 16.0.30406.217
MinimumVisualStudioVersion = 10.0.40219.1
Project("{FAE04EC0-301F-11D3-BF4B-00C04F79EFBC}") = "ejercicio 2 arboles", "ejercicio 2 arboles.csproj", "{8610A619-E692-4772-8A3E-90E48A4C8B61}"
EndProject
Global
	GlobalSection(SolutionConfigurationPlatforms) = preSolution
		Debug|Any CPU = Debug|Any CPU
		Release|Any CPU = Release|Any CPU
	EndGlobalSection
	GlobalSection(ProjectConfigurationPlatforms) = postSolution
		{8610A619-E692-4772-8A3E-90E48A4C8B61}.Debug|Any CPU.ActiveCfg = Debug|Any CPU
		{8610A619-E692-4772-8A3E-90E48A4C8B61}.Debug|Any CPU.Build.0 = Debug|Any CPU
		{8610A619-E692-4772-8A3E-90E48A4C8B61}.Release|Any CPU.ActiveCfg = Release|Any CPU
		{8610A619-E692-4772-8A3E-90E48A4C8B61}.Release|Any CPU.Build.0 = Release|Any CPU
	EndGlobalSection
	GlobalSection(SolutionProperties) = preSolution
		HideSolutionNode = FALSE
	EndGlobalSection
	GlobalSection(ExtensibilityGlobals) = postSolution
		SolutionGuid = {C1997897-81E8-499B-A795-15F466B6CBC5}
	EndGlobalSection
EndGlobal
