
Microsoft Visual Studio Solution File, Format Version 12.00
# Visual Studio Version 16
VisualStudioVersion = 16.0.30406.217
MinimumVisualStudioVersion = 10.0.40219.1
Project("{FAE04EC0-301F-11D3-BF4B-00C04F79EFBC}") = "ejercicio 6", "ejercicio 6.csproj", "{B0785B38-71A0-4F27-8E24-280D8CC26C39}"
EndProject
Global
	GlobalSection(SolutionConfigurationPlatforms) = preSolution
		Debug|Any CPU = Debug|Any CPU
		Release|Any CPU = Release|Any CPU
	EndGlobalSection
	GlobalSection(ProjectConfigurationPlatforms) = postSolution
		{B0785B38-71A0-4F27-8E24-280D8CC26C39}.Debug|Any CPU.ActiveCfg = Debug|Any CPU
		{B0785B38-71A0-4F27-8E24-280D8CC26C39}.Debug|Any CPU.Build.0 = Debug|Any CPU
		{B0785B38-71A0-4F27-8E24-280D8CC26C39}.Release|Any CPU.ActiveCfg = Release|Any CPU
		{B0785B38-71A0-4F27-8E24-280D8CC26C39}.Release|Any CPU.Build.0 = Release|Any CPU
	EndGlobalSection
	GlobalSection(SolutionProperties) = preSolution
		HideSolutionNode = FALSE
	EndGlobalSection
	GlobalSection(ExtensibilityGlobals) = postSolution
		SolutionGuid = {59B1FD13-F41B-42F3-9B0F-232AD164E362}
	EndGlobalSection
EndGlobal
