
Microsoft Visual Studio Solution File, Format Version 12.00
# Visual Studio Version 16
VisualStudioVersion = 16.0.30406.217
MinimumVisualStudioVersion = 10.0.40219.1
Project("{FAE04EC0-301F-11D3-BF4B-00C04F79EFBC}") = "ejercicio 3", "ejercicio 3.csproj", "{D68591B4-7CC5-4F0B-AA29-DFC23DE6F28A}"
EndProject
Global
	GlobalSection(SolutionConfigurationPlatforms) = preSolution
		Debug|Any CPU = Debug|Any CPU
		Release|Any CPU = Release|Any CPU
	EndGlobalSection
	GlobalSection(ProjectConfigurationPlatforms) = postSolution
		{D68591B4-7CC5-4F0B-AA29-DFC23DE6F28A}.Debug|Any CPU.ActiveCfg = Debug|Any CPU
		{D68591B4-7CC5-4F0B-AA29-DFC23DE6F28A}.Debug|Any CPU.Build.0 = Debug|Any CPU
		{D68591B4-7CC5-4F0B-AA29-DFC23DE6F28A}.Release|Any CPU.ActiveCfg = Release|Any CPU
		{D68591B4-7CC5-4F0B-AA29-DFC23DE6F28A}.Release|Any CPU.Build.0 = Release|Any CPU
	EndGlobalSection
	GlobalSection(SolutionProperties) = preSolution
		HideSolutionNode = FALSE
	EndGlobalSection
	GlobalSection(ExtensibilityGlobals) = postSolution
		SolutionGuid = {9D6054FF-A2D5-49B3-9192-FEFB66066D83}
	EndGlobalSection
EndGlobal
