
Microsoft Visual Studio Solution File, Format Version 12.00
# Visual Studio Version 16
VisualStudioVersion = 16.0.30406.217
MinimumVisualStudioVersion = 10.0.40219.1
Project("{FAE04EC0-301F-11D3-BF4B-00C04F79EFBC}") = "ejercicio 7", "ejercicio 7.csproj", "{49EEFB7A-4941-428E-BE58-8A5D431580CC}"
EndProject
Global
	GlobalSection(SolutionConfigurationPlatforms) = preSolution
		Debug|Any CPU = Debug|Any CPU
		Release|Any CPU = Release|Any CPU
	EndGlobalSection
	GlobalSection(ProjectConfigurationPlatforms) = postSolution
		{49EEFB7A-4941-428E-BE58-8A5D431580CC}.Debug|Any CPU.ActiveCfg = Debug|Any CPU
		{49EEFB7A-4941-428E-BE58-8A5D431580CC}.Debug|Any CPU.Build.0 = Debug|Any CPU
		{49EEFB7A-4941-428E-BE58-8A5D431580CC}.Release|Any CPU.ActiveCfg = Release|Any CPU
		{49EEFB7A-4941-428E-BE58-8A5D431580CC}.Release|Any CPU.Build.0 = Release|Any CPU
	EndGlobalSection
	GlobalSection(SolutionProperties) = preSolution
		HideSolutionNode = FALSE
	EndGlobalSection
	GlobalSection(ExtensibilityGlobals) = postSolution
		SolutionGuid = {D6F0E6F2-43ED-452D-89DC-4C7922A81EB9}
	EndGlobalSection
EndGlobal
