
Microsoft Visual Studio Solution File, Format Version 12.00
# Visual Studio Version 16
VisualStudioVersion = 16.0.30406.217
MinimumVisualStudioVersion = 10.0.40219.1
Project("{FAE04EC0-301F-11D3-BF4B-00C04F79EFBC}") = "ejercicio 5", "ejercicio 5.csproj", "{9CD5FEAB-DF0C-4662-9698-534FF430CDC2}"
EndProject
Global
	GlobalSection(SolutionConfigurationPlatforms) = preSolution
		Debug|Any CPU = Debug|Any CPU
		Release|Any CPU = Release|Any CPU
	EndGlobalSection
	GlobalSection(ProjectConfigurationPlatforms) = postSolution
		{9CD5FEAB-DF0C-4662-9698-534FF430CDC2}.Debug|Any CPU.ActiveCfg = Debug|Any CPU
		{9CD5FEAB-DF0C-4662-9698-534FF430CDC2}.Debug|Any CPU.Build.0 = Debug|Any CPU
		{9CD5FEAB-DF0C-4662-9698-534FF430CDC2}.Release|Any CPU.ActiveCfg = Release|Any CPU
		{9CD5FEAB-DF0C-4662-9698-534FF430CDC2}.Release|Any CPU.Build.0 = Release|Any CPU
	EndGlobalSection
	GlobalSection(SolutionProperties) = preSolution
		HideSolutionNode = FALSE
	EndGlobalSection
	GlobalSection(ExtensibilityGlobals) = postSolution
		SolutionGuid = {E6FBA6C5-CA0D-4F29-9C7D-6A21973AF7D6}
	EndGlobalSection
EndGlobal
