
Microsoft Visual Studio Solution File, Format Version 12.00
# Visual Studio Version 16
VisualStudioVersion = 16.0.30406.217
MinimumVisualStudioVersion = 10.0.40219.1
Project("{FAE04EC0-301F-11D3-BF4B-00C04F79EFBC}") = "ejercicio 6", "ejercicio 6.csproj", "{7250644C-5BBB-4E9C-B9C7-F5BCC93BDCBC}"
EndProject
Global
	GlobalSection(SolutionConfigurationPlatforms) = preSolution
		Debug|Any CPU = Debug|Any CPU
		Release|Any CPU = Release|Any CPU
	EndGlobalSection
	GlobalSection(ProjectConfigurationPlatforms) = postSolution
		{7250644C-5BBB-4E9C-B9C7-F5BCC93BDCBC}.Debug|Any CPU.ActiveCfg = Debug|Any CPU
		{7250644C-5BBB-4E9C-B9C7-F5BCC93BDCBC}.Debug|Any CPU.Build.0 = Debug|Any CPU
		{7250644C-5BBB-4E9C-B9C7-F5BCC93BDCBC}.Release|Any CPU.ActiveCfg = Release|Any CPU
		{7250644C-5BBB-4E9C-B9C7-F5BCC93BDCBC}.Release|Any CPU.Build.0 = Release|Any CPU
	EndGlobalSection
	GlobalSection(SolutionProperties) = preSolution
		HideSolutionNode = FALSE
	EndGlobalSection
	GlobalSection(ExtensibilityGlobals) = postSolution
		SolutionGuid = {54E0F03B-DA67-4614-BA59-0B9163E73045}
	EndGlobalSection
EndGlobal
