
Microsoft Visual Studio Solution File, Format Version 12.00
# Visual Studio Version 16
VisualStudioVersion = 16.0.30406.217
MinimumVisualStudioVersion = 10.0.40219.1
Project("{FAE04EC0-301F-11D3-BF4B-00C04F79EFBC}") = "ejercicio 16", "ejercicio 16.csproj", "{3D973947-8079-4275-A773-324743071818}"
EndProject
Global
	GlobalSection(SolutionConfigurationPlatforms) = preSolution
		Debug|Any CPU = Debug|Any CPU
		Release|Any CPU = Release|Any CPU
	EndGlobalSection
	GlobalSection(ProjectConfigurationPlatforms) = postSolution
		{3D973947-8079-4275-A773-324743071818}.Debug|Any CPU.ActiveCfg = Debug|Any CPU
		{3D973947-8079-4275-A773-324743071818}.Debug|Any CPU.Build.0 = Debug|Any CPU
		{3D973947-8079-4275-A773-324743071818}.Release|Any CPU.ActiveCfg = Release|Any CPU
		{3D973947-8079-4275-A773-324743071818}.Release|Any CPU.Build.0 = Release|Any CPU
	EndGlobalSection
	GlobalSection(SolutionProperties) = preSolution
		HideSolutionNode = FALSE
	EndGlobalSection
	GlobalSection(ExtensibilityGlobals) = postSolution
		SolutionGuid = {8E879FED-9ACA-48E0-9571-4D2C3C39234E}
	EndGlobalSection
EndGlobal
