
Microsoft Visual Studio Solution File, Format Version 12.00
# Visual Studio Version 16
VisualStudioVersion = 16.0.30406.217
MinimumVisualStudioVersion = 10.0.40219.1
Project("{FAE04EC0-301F-11D3-BF4B-00C04F79EFBC}") = "ejercicio 12", "ejercicio 12.csproj", "{10A0D726-3D99-4B55-8566-CEB7C4B3707C}"
EndProject
Global
	GlobalSection(SolutionConfigurationPlatforms) = preSolution
		Debug|Any CPU = Debug|Any CPU
		Release|Any CPU = Release|Any CPU
	EndGlobalSection
	GlobalSection(ProjectConfigurationPlatforms) = postSolution
		{10A0D726-3D99-4B55-8566-CEB7C4B3707C}.Debug|Any CPU.ActiveCfg = Debug|Any CPU
		{10A0D726-3D99-4B55-8566-CEB7C4B3707C}.Debug|Any CPU.Build.0 = Debug|Any CPU
		{10A0D726-3D99-4B55-8566-CEB7C4B3707C}.Release|Any CPU.ActiveCfg = Release|Any CPU
		{10A0D726-3D99-4B55-8566-CEB7C4B3707C}.Release|Any CPU.Build.0 = Release|Any CPU
	EndGlobalSection
	GlobalSection(SolutionProperties) = preSolution
		HideSolutionNode = FALSE
	EndGlobalSection
	GlobalSection(ExtensibilityGlobals) = postSolution
		SolutionGuid = {8F79493F-FF6A-43BA-AC15-A95126E41870}
	EndGlobalSection
EndGlobal
