
Microsoft Visual Studio Solution File, Format Version 12.00
# Visual Studio Version 16
VisualStudioVersion = 16.0.30406.217
MinimumVisualStudioVersion = 10.0.40219.1
Project("{FAE04EC0-301F-11D3-BF4B-00C04F79EFBC}") = "ejercicio 14", "ejercicio 14.csproj", "{02AC85BA-19A9-4000-AF78-62E1C0A77E1F}"
EndProject
Global
	GlobalSection(SolutionConfigurationPlatforms) = preSolution
		Debug|Any CPU = Debug|Any CPU
		Release|Any CPU = Release|Any CPU
	EndGlobalSection
	GlobalSection(ProjectConfigurationPlatforms) = postSolution
		{02AC85BA-19A9-4000-AF78-62E1C0A77E1F}.Debug|Any CPU.ActiveCfg = Debug|Any CPU
		{02AC85BA-19A9-4000-AF78-62E1C0A77E1F}.Debug|Any CPU.Build.0 = Debug|Any CPU
		{02AC85BA-19A9-4000-AF78-62E1C0A77E1F}.Release|Any CPU.ActiveCfg = Release|Any CPU
		{02AC85BA-19A9-4000-AF78-62E1C0A77E1F}.Release|Any CPU.Build.0 = Release|Any CPU
	EndGlobalSection
	GlobalSection(SolutionProperties) = preSolution
		HideSolutionNode = FALSE
	EndGlobalSection
	GlobalSection(ExtensibilityGlobals) = postSolution
		SolutionGuid = {9FA7BEF0-C414-418C-872A-0F6382ACA960}
	EndGlobalSection
EndGlobal
