
Microsoft Visual Studio Solution File, Format Version 12.00
# Visual Studio Version 16
VisualStudioVersion = 16.0.30406.217
MinimumVisualStudioVersion = 10.0.40219.1
Project("{FAE04EC0-301F-11D3-BF4B-00C04F79EFBC}") = "ejercicio 23", "ejercicio 23.csproj", "{EC618D8A-334D-4525-B838-F0D0F43983C0}"
EndProject
Global
	GlobalSection(SolutionConfigurationPlatforms) = preSolution
		Debug|Any CPU = Debug|Any CPU
		Release|Any CPU = Release|Any CPU
	EndGlobalSection
	GlobalSection(ProjectConfigurationPlatforms) = postSolution
		{EC618D8A-334D-4525-B838-F0D0F43983C0}.Debug|Any CPU.ActiveCfg = Debug|Any CPU
		{EC618D8A-334D-4525-B838-F0D0F43983C0}.Debug|Any CPU.Build.0 = Debug|Any CPU
		{EC618D8A-334D-4525-B838-F0D0F43983C0}.Release|Any CPU.ActiveCfg = Release|Any CPU
		{EC618D8A-334D-4525-B838-F0D0F43983C0}.Release|Any CPU.Build.0 = Release|Any CPU
	EndGlobalSection
	GlobalSection(SolutionProperties) = preSolution
		HideSolutionNode = FALSE
	EndGlobalSection
	GlobalSection(ExtensibilityGlobals) = postSolution
		SolutionGuid = {2C3ABAD4-677D-4351-87AB-8D9DF46872FF}
	EndGlobalSection
EndGlobal
