
Microsoft Visual Studio Solution File, Format Version 12.00
# Visual Studio Version 16
VisualStudioVersion = 16.0.30406.217
MinimumVisualStudioVersion = 10.0.40219.1
Project("{FAE04EC0-301F-11D3-BF4B-00C04F79EFBC}") = "ejercicio 11", "ejercicio 11.csproj", "{BF32597A-7E25-40C1-B7AD-CA4650B067F4}"
EndProject
Global
	GlobalSection(SolutionConfigurationPlatforms) = preSolution
		Debug|Any CPU = Debug|Any CPU
		Release|Any CPU = Release|Any CPU
	EndGlobalSection
	GlobalSection(ProjectConfigurationPlatforms) = postSolution
		{BF32597A-7E25-40C1-B7AD-CA4650B067F4}.Debug|Any CPU.ActiveCfg = Debug|Any CPU
		{BF32597A-7E25-40C1-B7AD-CA4650B067F4}.Debug|Any CPU.Build.0 = Debug|Any CPU
		{BF32597A-7E25-40C1-B7AD-CA4650B067F4}.Release|Any CPU.ActiveCfg = Release|Any CPU
		{BF32597A-7E25-40C1-B7AD-CA4650B067F4}.Release|Any CPU.Build.0 = Release|Any CPU
	EndGlobalSection
	GlobalSection(SolutionProperties) = preSolution
		HideSolutionNode = FALSE
	EndGlobalSection
	GlobalSection(ExtensibilityGlobals) = postSolution
		SolutionGuid = {B8C735CD-D309-4ABA-86E7-40B1FE043A75}
	EndGlobalSection
EndGlobal
