
Microsoft Visual Studio Solution File, Format Version 12.00
# Visual Studio Version 16
VisualStudioVersion = 16.0.30406.217
MinimumVisualStudioVersion = 10.0.40219.1
Project("{FAE04EC0-301F-11D3-BF4B-00C04F79EFBC}") = "ejercicio 20", "ejercicio 20.csproj", "{874CE820-D656-4F3A-AC3B-F02183F5BA02}"
EndProject
Global
	GlobalSection(SolutionConfigurationPlatforms) = preSolution
		Debug|Any CPU = Debug|Any CPU
		Release|Any CPU = Release|Any CPU
	EndGlobalSection
	GlobalSection(ProjectConfigurationPlatforms) = postSolution
		{874CE820-D656-4F3A-AC3B-F02183F5BA02}.Debug|Any CPU.ActiveCfg = Debug|Any CPU
		{874CE820-D656-4F3A-AC3B-F02183F5BA02}.Debug|Any CPU.Build.0 = Debug|Any CPU
		{874CE820-D656-4F3A-AC3B-F02183F5BA02}.Release|Any CPU.ActiveCfg = Release|Any CPU
		{874CE820-D656-4F3A-AC3B-F02183F5BA02}.Release|Any CPU.Build.0 = Release|Any CPU
	EndGlobalSection
	GlobalSection(SolutionProperties) = preSolution
		HideSolutionNode = FALSE
	EndGlobalSection
	GlobalSection(ExtensibilityGlobals) = postSolution
		SolutionGuid = {391CBCF9-B484-4E84-BEA2-7989395EBB40}
	EndGlobalSection
EndGlobal
