
Microsoft Visual Studio Solution File, Format Version 12.00
# Visual Studio Version 16
VisualStudioVersion = 16.0.30406.217
MinimumVisualStudioVersion = 10.0.40219.1
Project("{FAE04EC0-301F-11D3-BF4B-00C04F79EFBC}") = "ejercicio 1", "ejercicio 1.csproj", "{7732B129-B083-4AA4-803B-09473F22CFDD}"
EndProject
Global
	GlobalSection(SolutionConfigurationPlatforms) = preSolution
		Debug|Any CPU = Debug|Any CPU
		Release|Any CPU = Release|Any CPU
	EndGlobalSection
	GlobalSection(ProjectConfigurationPlatforms) = postSolution
		{7732B129-B083-4AA4-803B-09473F22CFDD}.Debug|Any CPU.ActiveCfg = Debug|Any CPU
		{7732B129-B083-4AA4-803B-09473F22CFDD}.Debug|Any CPU.Build.0 = Debug|Any CPU
		{7732B129-B083-4AA4-803B-09473F22CFDD}.Release|Any CPU.ActiveCfg = Release|Any CPU
		{7732B129-B083-4AA4-803B-09473F22CFDD}.Release|Any CPU.Build.0 = Release|Any CPU
	EndGlobalSection
	GlobalSection(SolutionProperties) = preSolution
		HideSolutionNode = FALSE
	EndGlobalSection
	GlobalSection(ExtensibilityGlobals) = postSolution
		SolutionGuid = {7DC2CC90-5A38-4655-9042-3CF09B9F8E4D}
	EndGlobalSection
EndGlobal
